
Microsoft Visual Studio Solution File, Format Version 12.00
# Visual Studio Version 16
VisualStudioVersion = 16.0.31613.86
MinimumVisualStudioVersion = 10.0.40219.1
Project("{FAE04EC0-301F-11D3-BF4B-00C04F79EFBC}") = "WebCoreApi", "WebCoreApi\WebCoreApi.csproj", "{1541627D-CB26-4D76-AD54-FEB03B39C13D}"
EndProject
Global
	GlobalSection(SolutionConfigurationPlatforms) = preSolution
		Debug|Any CPU = Debug|Any CPU
		Release|Any CPU = Release|Any CPU
	EndGlobalSection
	GlobalSection(ProjectConfigurationPlatforms) = postSolution
		{1541627D-CB26-4D76-AD54-FEB03B39C13D}.Debug|Any CPU.ActiveCfg = Debug|Any CPU
		{1541627D-CB26-4D76-AD54-FEB03B39C13D}.Debug|Any CPU.Build.0 = Debug|Any CPU
		{1541627D-CB26-4D76-AD54-FEB03B39C13D}.Release|Any CPU.ActiveCfg = Release|Any CPU
		{1541627D-CB26-4D76-AD54-FEB03B39C13D}.Release|Any CPU.Build.0 = Release|Any CPU
	EndGlobalSection
	GlobalSection(SolutionProperties) = preSolution
		HideSolutionNode = FALSE
	EndGlobalSection
	GlobalSection(ExtensibilityGlobals) = postSolution
		SolutionGuid = {6648C3B9-7070-4AED-BD0F-0707DF99FDF6}
	EndGlobalSection
EndGlobal
